<?xml version="1.0" encoding="utf-8"?>
<Project ToolsVersion="4.0" xmlns="http://schemas.microsoft.com/developer/msbuild/2003">
  <ItemGroup>
    <Filter Include="Исходные файлы">
      <UniqueIdentifier>{4FC737F1-C7A5-4376-A066-2A32D752A2FF}</UniqueIdentifier>
      <Extensions>cpp;c;cc;cxx;c++;cppm;ixx;def;odl;idl;hpj;bat;asm;asmx</Extensions>
    </Filter>
    <Filter Include="Файлы заголовков">
      <UniqueIdentifier>{93995380-89BD-4b04-88EB-625FBE52EBFB}</UniqueIdentifier>
      <Extensions>h;hh;hpp;hxx;h++;hm;inl;inc;ipp;xsd</Extensions>
    </Filter>
    <Filter Include="Файлы ресурсов">
      <UniqueIdentifier>{67DA6AB6-F800-4c08-8B7A-83BB121AAD01}</UniqueIdentifier>
      <Extensions>rc;ico;cur;bmp;dlg;rc2;rct;bin;rgs;gif;jpg;jpeg;jpe;resx;tiff;tif;png;wav;mfcribbon-ms</Extensions>
    </Filter>
    <Filter Include="Файлы ресурсов\Формы для стилизации">
      <UniqueIdentifier>{4daa57cc-a60b-4d39-a61a-36becf7917cd}</UniqueIdentifier>
    </Filter>
    <Filter Include="Файлы ресурсов\Загатовки для документа">
      <UniqueIdentifier>{6b301b07-6fe0-47cb-81cb-a2c85a80069c}</UniqueIdentifier>
    </Filter>
  </ItemGroup>
  <ItemGroup>
    <ClCompile Include="main.cpp">
      <Filter>Исходные файлы</Filter>
    </ClCompile>
    <ClCompile Include="Helper.cpp">
      <Filter>Исходные файлы</Filter>
    </ClCompile>
    <ClCompile Include="SnakeWeb.cpp">
      <Filter>Исходные файлы</Filter>
    </ClCompile>
    <ClCompile Include="markdown.cpp">
      <Filter>Исходные файлы</Filter>
    </ClCompile>
  </ItemGroup>
  <ItemGroup>
    <ClInclude Include="Helper.h">
      <Filter>Файлы заголовков</Filter>
    </ClInclude>
    <ClInclude Include="SnakeWeb.h">
      <Filter>Файлы заголовков</Filter>
    </ClInclude>
    <ClInclude Include="markdown.h">
      <Filter>Файлы заголовков</Filter>
    </ClInclude>
  </ItemGroup>
  <ItemGroup>
    <Text Include="test.txt">
      <Filter>Файлы ресурсов</Filter>
    </Text>
    <Text Include="print">
      <Filter>Файлы ресурсов</Filter>
    </Text>
    <Text Include="Config.txt">
      <Filter>Файлы ресурсов</Filter>
    </Text>
  </ItemGroup>
  <ItemGroup>
    <None Include="index.htm">
      <Filter>Файлы ресурсов</Filter>
    </None>
    <None Include="input_file.sn">
      <Filter>Файлы ресурсов</Filter>
    </None>
    <None Include="matrix.mx">
      <Filter>Файлы ресурсов</Filter>
    </None>
    <None Include="GitForm.css">
      <Filter>Файлы ресурсов\Формы для стилизации</Filter>
    </None>
    <None Include="classic.sw">
      <Filter>Файлы ресурсов\Загатовки для документа</Filter>
    </None>
  </ItemGroup>
</Project>